// !$*UTF8*$!
{
	archiveVersion = 1;
	classes = {
	};
	objectVersion = 56;
	objects = {

/* Begin PBXBuildFile section */
		B92219EC2BFE624C0043489A /* AppDelegate.swift in Sources */ = {isa = PBXBuildFile; fileRef = B92219EB2BFE624C0043489A /* AppDelegate.swift */; };
		B92219EE2BFE624C0043489A /* SceneDelegate.swift in Sources */ = {isa = PBXBuildFile; fileRef = B92219ED2BFE624C0043489A /* SceneDelegate.swift */; };
		B92219F02BFE624C0043489A /* IniciarSesionViewController.swift in Sources */ = {isa = PBXBuildFile; fileRef = B92219EF2BFE624C0043489A /* IniciarSesionViewController.swift */; };
		B92219F32BFE624C0043489A /* Base in Resources */ = {isa = PBXBuildFile; fileRef = B92219F22BFE624C0043489A /* Base */; };
		B92219F52BFE624F0043489A /* Assets.xcassets in Resources */ = {isa = PBXBuildFile; fileRef = B92219F42BFE624F0043489A /* Assets.xcassets */; };
		B92219F82BFE624F0043489A /* Base in Resources */ = {isa = PBXBuildFile; fileRef = B92219F72BFE624F0043489A /* Base */; };
		B9221A002BFE64DF0043489A /* GoogleService-Info.plist in Resources */ = {isa = PBXBuildFile; fileRef = B92219FF2BFE64DF0043489A /* GoogleService-Info.plist */; };
		B9221A032BFE689D0043489A /* FirebaseAnalytics in Frameworks */ = {isa = PBXBuildFile; productRef = B9221A022BFE689D0043489A /* FirebaseAnalytics */; };
		B9221A052BFE689D0043489A /* FirebaseAnalyticsWithoutAdIdSupport in Frameworks */ = {isa = PBXBuildFile; productRef = B9221A042BFE689D0043489A /* FirebaseAnalyticsWithoutAdIdSupport */; };
		B9221A072BFE689D0043489A /* FirebaseAuth in Frameworks */ = {isa = PBXBuildFile; productRef = B9221A062BFE689D0043489A /* FirebaseAuth */; };
		B9221A092BFE689D0043489A /* FirebaseDatabase in Frameworks */ = {isa = PBXBuildFile; productRef = B9221A082BFE689D0043489A /* FirebaseDatabase */; };
		B9221A0B2BFE689D0043489A /* FirebaseFirestore in Frameworks */ = {isa = PBXBuildFile; productRef = B9221A0A2BFE689D0043489A /* FirebaseFirestore */; };
		B9221A0D2BFE689D0043489A /* FirebaseStorage in Frameworks */ = {isa = PBXBuildFile; productRef = B9221A0C2BFE689D0043489A /* FirebaseStorage */; };
/* End PBXBuildFile section */

/* Begin PBXFileReference section */
		B92219E82BFE624C0043489A /* PerezSnapchat.app */ = {isa = PBXFileReference; explicitFileType = wrapper.application; includeInIndex = 0; path = PerezSnapchat.app; sourceTree = BUILT_PRODUCTS_DIR; };
		B92219EB2BFE624C0043489A /* AppDelegate.swift */ = {isa = PBXFileReference; lastKnownFileType = sourcecode.swift; path = AppDelegate.swift; sourceTree = "<group>"; };
		B92219ED2BFE624C0043489A /* SceneDelegate.swift */ = {isa = PBXFileReference; lastKnownFileType = sourcecode.swift; path = SceneDelegate.swift; sourceTree = "<group>"; };
		B92219EF2BFE624C0043489A /* IniciarSesionViewController.swift */ = {isa = PBXFileReference; lastKnownFileType = sourcecode.swift; path = IniciarSesionViewController.swift; sourceTree = "<group>"; };
		B92219F22BFE624C0043489A /* Base */ = {isa = PBXFileReference; lastKnownFileType = file.storyboard; name = Base; path = Base.lproj/Main.storyboard; sourceTree = "<group>"; };
		B92219F42BFE624F0043489A /* Assets.xcassets */ = {isa = PBXFileReference; lastKnownFileType = folder.assetcatalog; path = Assets.xcassets; sourceTree = "<group>"; };
		B92219F72BFE624F0043489A /* Base */ = {isa = PBXFileReference; lastKnownFileType = file.storyboard; name = Base; path = Base.lproj/LaunchScreen.storyboard; sourceTree = "<group>"; };
		B92219F92BFE624F0043489A /* Info.plist */ = {isa = PBXFileReference; lastKnownFileType = text.plist.xml; path = Info.plist; sourceTree = "<group>"; };
		B92219FF2BFE64DF0043489A /* GoogleService-Info.plist */ = {isa = PBXFileReference; fileEncoding = 4; lastKnownFileType = text.plist.xml; path = "GoogleService-Info.plist"; sourceTree = "<group>"; };
/* End PBXFileReference section */

/* Begin PBXFrameworksBuildPhase section */
		B92219E52BFE624C0043489A /* Frameworks */ = {
			isa = PBXFrameworksBuildPhase;
			buildActionMask = 2147483647;
			files = (
				B9221A032BFE689D0043489A /* FirebaseAnalytics in Frameworks */,
				B9221A072BFE689D0043489A /* FirebaseAuth in Frameworks */,
				B9221A092BFE689D0043489A /* FirebaseDatabase in Frameworks */,
				B9221A0B2BFE689D0043489A /* FirebaseFirestore in Frameworks */,
				B9221A052BFE689D0043489A /* FirebaseAnalyticsWithoutAdIdSupport in Frameworks */,
				B9221A0D2BFE689D0043489A /* FirebaseStorage in Frameworks */,
			);
			runOnlyForDeploymentPostprocessing = 0;
		};
/* End PBXFrameworksBuildPhase section */

/* Begin PBXGroup section */
		B92219DF2BFE624C0043489A = {
			isa = PBXGroup;
			children = (
				B92219EA2BFE624C0043489A /* PerezSnapchat */,
				B92219E92BFE624C0043489A /* Products */,
			);
			sourceTree = "<group>";
		};
		B92219E92BFE624C0043489A /* Products */ = {
			isa = PBXGroup;
			children = (
				B92219E82BFE624C0043489A /* PerezSnapchat.app */,
			);
			name = Products;
			sourceTree = "<group>";
		};
		B92219EA2BFE624C0043489A /* PerezSnapchat */ = {
			isa = PBXGroup;
			children = (
				B92219EB2BFE624C0043489A /* AppDelegate.swift */,
				B92219ED2BFE624C0043489A /* SceneDelegate.swift */,
				B92219EF2BFE624C0043489A /* IniciarSesionViewController.swift */,
				B92219F12BFE624C0043489A /* Main.storyboard */,
				B92219F42BFE624F0043489A /* Assets.xcassets */,
				B92219F62BFE624F0043489A /* LaunchScreen.storyboard */,
				B92219F92BFE624F0043489A /* Info.plist */,
				B92219FF2BFE64DF0043489A /* GoogleService-Info.plist */,
			);
			path = PerezSnapchat;
			sourceTree = "<group>";
		};
/* End PBXGroup section */

/* Begin PBXNativeTarget section */
		B92219E72BFE624C0043489A /* PerezSnapchat */ = {
			isa = PBXNativeTarget;
			buildConfigurationList = B92219FC2BFE624F0043489A /* Build configuration list for PBXNativeTarget "PerezSnapchat" */;
			buildPhases = (
				B92219E42BFE624C0043489A /* Sources */,
				B92219E52BFE624C0043489A /* Frameworks */,
				B92219E62BFE624C0043489A /* Resources */,
			);
			buildRules = (
			);
			dependencies = (
			);
			name = PerezSnapchat;
			packageProductDependencies = (
				B9221A022BFE689D0043489A /* FirebaseAnalytics */,
				B9221A042BFE689D0043489A /* FirebaseAnalyticsWithoutAdIdSupport */,
				B9221A062BFE689D0043489A /* FirebaseAuth */,
				B9221A082BFE689D0043489A /* FirebaseDatabase */,
				B9221A0A2BFE689D0043489A /* FirebaseFirestore */,
				B9221A0C2BFE689D0043489A /* FirebaseStorage */,
			);
			productName = PerezSnapchat;
			productReference = B92219E82BFE624C0043489A /* PerezSnapchat.app */;
			productType = "com.apple.product-type.application";
		};
/* End PBXNativeTarget section */

/* Begin PBXProject section */
		B92219E02BFE624C0043489A /* Project object */ = {
			isa = PBXProject;
			attributes = {
				BuildIndependentTargetsInParallel = 1;
				LastSwiftUpdateCheck = 1530;
				LastUpgradeCheck = 1530;
				TargetAttributes = {
					B92219E72BFE624C0043489A = {
						CreatedOnToolsVersion = 15.3;
					};
				};
			};
			buildConfigurationList = B92219E32BFE624C0043489A /* Build configuration list for PBXProject "PerezSnapchat" */;
			compatibilityVersion = "Xcode 14.0";
			developmentRegion = en;
			hasScannedForEncodings = 0;
			knownRegions = (
				en,
				Base,
			);
			mainGroup = B92219DF2BFE624C0043489A;
			packageReferences = (
				B9221A012BFE689D0043489A /* XCRemoteSwiftPackageReference "firebase-ios-sdk" */,
			);
			productRefGroup = B92219E92BFE624C0043489A /* Products */;
			projectDirPath = "";
			projectRoot = "";
			targets = (
				B92219E72BFE624C0043489A /* PerezSnapchat */,
			);
		};
/* End PBXProject section */

/* Begin PBXResourcesBuildPhase section */
		B92219E62BFE624C0043489A /* Resources */ = {
			isa = PBXResourcesBuildPhase;
			buildActionMask = 2147483647;
			files = (
				B92219F52BFE624F0043489A /* Assets.xcassets in Resources */,
				B9221A002BFE64DF0043489A /* GoogleService-Info.plist in Resources */,
				B92219F82BFE624F0043489A /* Base in Resources */,
				B92219F32BFE624C0043489A /* Base in Resources */,
			);
			runOnlyForDeploymentPostprocessing = 0;
		};
/* End PBXResourcesBuildPhase section */

/* Begin PBXSourcesBuildPhase section */
		B92219E42BFE624C0043489A /* Sources */ = {
			isa = PBXSourcesBuildPhase;
			buildActionMask = 2147483647;
			files = (
				B92219F02BFE624C0043489A /* IniciarSesionViewController.swift in Sources */,
				B92219EC2BFE624C0043489A /* AppDelegate.swift in Sources */,
				B92219EE2BFE624C0043489A /* SceneDelegate.swift in Sources */,
			);
			runOnlyForDeploymentPostprocessing = 0;
		};
/* End PBXSourcesBuildPhase section */

/* Begin PBXVariantGroup section */
		B92219F12BFE624C0043489A /* Main.storyboard */ = {
			isa = PBXVariantGroup;
			children = (
				B92219F22BFE624C0043489A /* Base */,
			);
			name = Main.storyboard;
			sourceTree = "<group>";
		};
		B92219F62BFE624F0043489A /* LaunchScreen.storyboard */ = {
			isa = PBXVariantGroup;
			children = (
				B92219F72BFE624F0043489A /* Base */,
			);
			name = LaunchScreen.storyboard;
			sourceTree = "<group>";
		};
/* End PBXVariantGroup section */

/* Begin XCBuildConfiguration section */
		B92219FA2BFE624F0043489A /* Debug */ = {
			isa = XCBuildConfiguration;
			buildSettings = {
				ALWAYS_SEARCH_USER_PATHS = NO;
				ASSETCATALOG_COMPILER_GENERATE_SWIFT_ASSET_SYMBOL_EXTENSIONS = YES;
				CLANG_ANALYZER_NONNULL = YES;
				CLANG_ANALYZER_NUMBER_OBJECT_CONVERSION = YES_AGGRESSIVE;
				CLANG_CXX_LANGUAGE_STANDARD = "gnu++20";
				CLANG_ENABLE_MODULES = YES;
				CLANG_ENABLE_OBJC_ARC = YES;
				CLANG_ENABLE_OBJC_WEAK = YES;
				CLANG_WARN_BLOCK_CAPTURE_AUTORELEASING = YES;
				CLANG_WARN_BOOL_CONVERSION = YES;
				CLANG_WARN_COMMA = YES;
				CLANG_WARN_CONSTANT_CONVERSION = YES;
				CLANG_WARN_DEPRECATED_OBJC_IMPLEMENTATIONS = YES;
				CLANG_WARN_DIRECT_OBJC_ISA_USAGE = YES_ERROR;
				CLANG_WARN_DOCUMENTATION_COMMENTS = YES;
				CLANG_WARN_EMPTY_BODY = YES;
				CLANG_WARN_ENUM_CONVERSION = YES;
				CLANG_WARN_INFINITE_RECURSION = YES;
				CLANG_WARN_INT_CONVERSION = YES;
				CLANG_WARN_NON_LITERAL_NULL_CONVERSION = YES;
				CLANG_WARN_OBJC_IMPLICIT_RETAIN_SELF = YES;
				CLANG_WARN_OBJC_LITERAL_CONVERSION = YES;
				CLANG_WARN_OBJC_ROOT_CLASS = YES_ERROR;
				CLANG_WARN_QUOTED_INCLUDE_IN_FRAMEWORK_HEADER = YES;
				CLANG_WARN_RANGE_LOOP_ANALYSIS = YES;
				CLANG_WARN_STRICT_PROTOTYPES = YES;
				CLANG_WARN_SUSPICIOUS_MOVE = YES;
				CLANG_WARN_UNGUARDED_AVAILABILITY = YES_AGGRESSIVE;
				CLANG_WARN_UNREACHABLE_CODE = YES;
				CLANG_WARN__DUPLICATE_METHOD_MATCH = YES;
				COPY_PHASE_STRIP = NO;
				DEBUG_INFORMATION_FORMAT = dwarf;
				ENABLE_STRICT_OBJC_MSGSEND = YES;
				ENABLE_TESTABILITY = YES;
				ENABLE_USER_SCRIPT_SANDBOXING = YES;
				GCC_C_LANGUAGE_STANDARD = gnu17;
				GCC_DYNAMIC_NO_PIC = NO;
				GCC_NO_COMMON_BLOCKS = YES;
				GCC_OPTIMIZATION_LEVEL = 0;
				GCC_PREPROCESSOR_DEFINITIONS = (
					"DEBUG=1",
					"$(inherited)",
				);
				GCC_WARN_64_TO_32_BIT_CONVERSION = YES;
				GCC_WARN_ABOUT_RETURN_TYPE = YES_ERROR;
				GCC_WARN_UNDECLARED_SELECTOR = YES;
				GCC_WARN_UNINITIALIZED_AUTOS = YES_AGGRESSIVE;
				GCC_WARN_UNUSED_FUNCTION = YES;
				GCC_WARN_UNUSED_VARIABLE = YES;
				IPHONEOS_DEPLOYMENT_TARGET = 17.4;
				LOCALIZATION_PREFERS_STRING_CATALOGS = YES;
				MTL_ENABLE_DEBUG_INFO = INCLUDE_SOURCE;
				MTL_FAST_MATH = YES;
				ONLY_ACTIVE_ARCH = YES;
				SDKROOT = iphoneos;
				SWIFT_ACTIVE_COMPILATION_CONDITIONS = "DEBUG $(inherited)";
				SWIFT_OPTIMIZATION_LEVEL = "-Onone";
			};
			name = Debug;
		};
		B92219FB2BFE624F0043489A /* Release */ = {
			isa = XCBuildConfiguration;
			buildSettings = {
				ALWAYS_SEARCH_USER_PATHS = NO;
				ASSETCATALOG_COMPILER_GENERATE_SWIFT_ASSET_SYMBOL_EXTENSIONS = YES;
				CLANG_ANALYZER_NONNULL = YES;
				CLANG_ANALYZER_NUMBER_OBJECT_CONVERSION = YES_AGGRESSIVE;
				CLANG_CXX_LANGUAGE_STANDARD = "gnu++20";
				CLANG_ENABLE_MODULES = YES;
				CLANG_ENABLE_OBJC_ARC = YES;
				CLANG_ENABLE_OBJC_WEAK = YES;
				CLANG_WARN_BLOCK_CAPTURE_AUTORELEASING = YES;
				CLANG_WARN_BOOL_CONVERSION = YES;
				CLANG_WARN_COMMA = YES;
				CLANG_WARN_CONSTANT_CONVERSION = YES;
				CLANG_WARN_DEPRECATED_OBJC_IMPLEMENTATIONS = YES;
				CLANG_WARN_DIRECT_OBJC_ISA_USAGE = YES_ERROR;
				CLANG_WARN_DOCUMENTATION_COMMENTS = YES;
				CLANG_WARN_EMPTY_BODY = YES;
				CLANG_WARN_ENUM_CONVERSION = YES;
				CLANG_WARN_INFINITE_RECURSION = YES;
				CLANG_WARN_INT_CONVERSION = YES;
				CLANG_WARN_NON_LITERAL_NULL_CONVERSION = YES;
				CLANG_WARN_OBJC_IMPLICIT_RETAIN_SELF = YES;
				CLANG_WARN_OBJC_LITERAL_CONVERSION = YES;
				CLANG_WARN_OBJC_ROOT_CLASS = YES_ERROR;
				CLANG_WARN_QUOTED_INCLUDE_IN_FRAMEWORK_HEADER = YES;
				CLANG_WARN_RANGE_LOOP_ANALYSIS = YES;
				CLANG_WARN_STRICT_PROTOTYPES = YES;
				CLANG_WARN_SUSPICIOUS_MOVE = YES;
				CLANG_WARN_UNGUARDED_AVAILABILITY = YES_AGGRESSIVE;
				CLANG_WARN_UNREACHABLE_CODE = YES;
				CLANG_WARN__DUPLICATE_METHOD_MATCH = YES;
				COPY_PHASE_STRIP = NO;
				DEBUG_INFORMATION_FORMAT = "dwarf-with-dsym";
				ENABLE_NS_ASSERTIONS = NO;
				ENABLE_STRICT_OBJC_MSGSEND = YES;
				ENABLE_USER_SCRIPT_SANDBOXING = YES;
				GCC_C_LANGUAGE_STANDARD = gnu17;
				GCC_NO_COMMON_BLOCKS = YES;
				GCC_WARN_64_TO_32_BIT_CONVERSION = YES;
				GCC_WARN_ABOUT_RETURN_TYPE = YES_ERROR;
				GCC_WARN_UNDECLARED_SELECTOR = YES;
				GCC_WARN_UNINITIALIZED_AUTOS = YES_AGGRESSIVE;
				GCC_WARN_UNUSED_FUNCTION = YES;
				GCC_WARN_UNUSED_VARIABLE = YES;
				IPHONEOS_DEPLOYMENT_TARGET = 17.4;
				LOCALIZATION_PREFERS_STRING_CATALOGS = YES;
				MTL_ENABLE_DEBUG_INFO = NO;
				MTL_FAST_MATH = YES;
				SDKROOT = iphoneos;
				SWIFT_COMPILATION_MODE = wholemodule;
				VALIDATE_PRODUCT = YES;
			};
			name = Release;
		};
		B92219FD2BFE624F0043489A /* Debug */ = {
			isa = XCBuildConfiguration;
			buildSettings = {
				ASSETCATALOG_COMPILER_APPICON_NAME = AppIcon;
				ASSETCATALOG_COMPILER_GLOBAL_ACCENT_COLOR_NAME = AccentColor;
				CODE_SIGN_STYLE = Automatic;
				CURRENT_PROJECT_VERSION = 1;
				GENERATE_INFOPLIST_FILE = YES;
				INFOPLIST_FILE = PerezSnapchat/Info.plist;
				INFOPLIST_KEY_UIApplicationSupportsIndirectInputEvents = YES;
				INFOPLIST_KEY_UILaunchStoryboardName = LaunchScreen;
				INFOPLIST_KEY_UIMainStoryboardFile = Main;
				INFOPLIST_KEY_UISupportedInterfaceOrientations_iPad = "UIInterfaceOrientationPortrait UIInterfaceOrientationPortraitUpsideDown UIInterfaceOrientationLandscapeLeft UIInterfaceOrientationLandscapeRight";
				INFOPLIST_KEY_UISupportedInterfaceOrientations_iPhone = "UIInterfaceOrientationPortrait UIInterfaceOrientationLandscapeLeft UIInterfaceOrientationLandscapeRight";
				LD_RUNPATH_SEARCH_PATHS = (
					"$(inherited)",
					"@executable_path/Frameworks",
				);
				MARKETING_VERSION = 1.0;
				PRODUCT_BUNDLE_IDENTIFIER = com.miempresa.PerezSnapchat;
				PRODUCT_NAME = "$(TARGET_NAME)";
				SWIFT_EMIT_LOC_STRINGS = YES;
				SWIFT_VERSION = 5.0;
				TARGETED_DEVICE_FAMILY = "1,2";
			};
			name = Debug;
		};
		B92219FE2BFE624F0043489A /* Release */ = {
			isa = XCBuildConfiguration;
			buildSettings = {
				ASSETCATALOG_COMPILER_APPICON_NAME = AppIcon;
				ASSETCATALOG_COMPILER_GLOBAL_ACCENT_COLOR_NAME = AccentColor;
				CODE_SIGN_STYLE = Automatic;
				CURRENT_PROJECT_VERSION = 1;
				GENERATE_INFOPLIST_FILE = YES;
				INFOPLIST_FILE = PerezSnapchat/Info.plist;
				INFOPLIST_KEY_UIApplicationSupportsIndirectInputEvents = YES;
				INFOPLIST_KEY_UILaunchStoryboardName = LaunchScreen;
				INFOPLIST_KEY_UIMainStoryboardFile = Main;
				INFOPLIST_KEY_UISupportedInterfaceOrientations_iPad = "UIInterfaceOrientationPortrait UIInterfaceOrientationPortraitUpsideDown UIInterfaceOrientationLandscapeLeft UIInterfaceOrientationLandscapeRight";
				INFOPLIST_KEY_UISupportedInterfaceOrientations_iPhone = "UIInterfaceOrientationPortrait UIInterfaceOrientationLandscapeLeft UIInterfaceOrientationLandscapeRight";
				LD_RUNPATH_SEARCH_PATHS = (
					"$(inherited)",
					"@executable_path/Frameworks",
				);
				MARKETING_VERSION = 1.0;
				PRODUCT_BUNDLE_IDENTIFIER = com.miempresa.PerezSnapchat;
				PRODUCT_NAME = "$(TARGET_NAME)";
				SWIFT_EMIT_LOC_STRINGS = YES;
				SWIFT_VERSION = 5.0;
				TARGETED_DEVICE_FAMILY = "1,2";
			};
			name = Release;
		};
/* End XCBuildConfiguration section */

/* Begin XCConfigurationList section */
		B92219E32BFE624C0043489A /* Build configuration list for PBXProject "PerezSnapchat" */ = {
			isa = XCConfigurationList;
			buildConfigurations = (
				B92219FA2BFE624F0043489A /* Debug */,
				B92219FB2BFE624F0043489A /* Release */,
			);
			defaultConfigurationIsVisible = 0;
			defaultConfigurationName = Release;
		};
		B92219FC2BFE624F0043489A /* Build configuration list for PBXNativeTarget "PerezSnapchat" */ = {
			isa = XCConfigurationList;
			buildConfigurations = (
				B92219FD2BFE624F0043489A /* Debug */,
				B92219FE2BFE624F0043489A /* Release */,
			);
			defaultConfigurationIsVisible = 0;
			defaultConfigurationName = Release;
		};
/* End XCConfigurationList section */

/* Begin XCRemoteSwiftPackageReference section */
		B9221A012BFE689D0043489A /* XCRemoteSwiftPackageReference "firebase-ios-sdk" */ = {
			isa = XCRemoteSwiftPackageReference;
			repositoryURL = "https://github.com/firebase/firebase-ios-sdk";
			requirement = {
				kind = versionRange;
				maximumVersion = 11.0.0;
				minimumVersion = 10.26.0;
			};
		};
/* End XCRemoteSwiftPackageReference section */

/* Begin XCSwiftPackageProductDependency section */
		B9221A022BFE689D0043489A /* FirebaseAnalytics */ = {
			isa = XCSwiftPackageProductDependency;
			package = B9221A012BFE689D0043489A /* XCRemoteSwiftPackageReference "firebase-ios-sdk" */;
			productName = FirebaseAnalytics;
		};
		B9221A042BFE689D0043489A /* FirebaseAnalyticsWithoutAdIdSupport */ = {
			isa = XCSwiftPackageProductDependency;
			package = B9221A012BFE689D0043489A /* XCRemoteSwiftPackageReference "firebase-ios-sdk" */;
			productName = FirebaseAnalyticsWithoutAdIdSupport;
		};
		B9221A062BFE689D0043489A /* FirebaseAuth */ = {
			isa = XCSwiftPackageProductDependency;
			package = B9221A012BFE689D0043489A /* XCRemoteSwiftPackageReference "firebase-ios-sdk" */;
			productName = FirebaseAuth;
		};
		B9221A082BFE689D0043489A /* FirebaseDatabase */ = {
			isa = XCSwiftPackageProductDependency;
			package = B9221A012BFE689D0043489A /* XCRemoteSwiftPackageReference "firebase-ios-sdk" */;
			productName = FirebaseDatabase;
		};
		B9221A0A2BFE689D0043489A /* FirebaseFirestore */ = {
			isa = XCSwiftPackageProductDependency;
			package = B9221A012BFE689D0043489A /* XCRemoteSwiftPackageReference "firebase-ios-sdk" */;
			productName = FirebaseFirestore;
		};
		B9221A0C2BFE689D0043489A /* FirebaseStorage */ = {
			isa = XCSwiftPackageProductDependency;
			package = B9221A012BFE689D0043489A /* XCRemoteSwiftPackageReference "firebase-ios-sdk" */;
			productName = FirebaseStorage;
		};
/* End XCSwiftPackageProductDependency section */
	};
	rootObject = B92219E02BFE624C0043489A /* Project object */;
}
